
Microsoft Visual Studio Solution File, Format Version 12.00
# Visual Studio 15
VisualStudioVersion = 15.0.27428.2043
MinimumVisualStudioVersion = 10.0.40219.1
Project("{FAE04EC0-301F-11D3-BF4B-00C04F79EFBC}") = "devdap", "devdap\devdap.csproj", "{B59F44F1-0C86-4AC6-A973-9E90FE4C5C92}"
EndProject
Global
	GlobalSection(SolutionConfigurationPlatforms) = preSolution
		Debug|Any CPU = Debug|Any CPU
		Release|Any CPU = Release|Any CPU
	EndGlobalSection
	GlobalSection(ProjectConfigurationPlatforms) = postSolution
		{B59F44F1-0C86-4AC6-A973-9E90FE4C5C92}.Debug|Any CPU.ActiveCfg = Debug|Any CPU
		{B59F44F1-0C86-4AC6-A973-9E90FE4C5C92}.Debug|Any CPU.Build.0 = Debug|Any CPU
		{B59F44F1-0C86-4AC6-A973-9E90FE4C5C92}.Release|Any CPU.ActiveCfg = Release|Any CPU
		{B59F44F1-0C86-4AC6-A973-9E90FE4C5C92}.Release|Any CPU.Build.0 = Release|Any CPU
	EndGlobalSection
	GlobalSection(SolutionProperties) = preSolution
		HideSolutionNode = FALSE
	EndGlobalSection
	GlobalSection(ExtensibilityGlobals) = postSolution
		SolutionGuid = {2728D58B-9588-4951-80B4-E15AC3929919}
	EndGlobalSection
EndGlobal
